
Microsoft Visual Studio Solution File, Format Version 12.00
# Visual Studio Version 16
VisualStudioVersion = 16.0.31129.286
MinimumVisualStudioVersion = 10.0.40219.1
Project("{FAE04EC0-301F-11D3-BF4B-00C04F79EFBC}") = "DoomFireSharp.Android", "DoomFireSharp\DoomFireSharp.Android\DoomFireSharp.Android.csproj", "{A9EB624B-073F-4016-83F7-B083F2D8BB80}"
EndProject
Project("{FAE04EC0-301F-11D3-BF4B-00C04F79EFBC}") = "DoomFireSharp.iOS", "DoomFireSharp\DoomFireSharp.iOS\DoomFireSharp.iOS.csproj", "{7A6A82A2-A1DC-4AF1-82E7-F66A1607FC69}"
EndProject
Project("{FAE04EC0-301F-11D3-BF4B-00C04F79EFBC}") = "DoomFireSharp", "DoomFireSharp\DoomFireSharp\DoomFireSharp.csproj", "{CCE71F4E-98E3-4876-81C1-DAE023B26293}"
EndProject
Global
	GlobalSection(SolutionConfigurationPlatforms) = preSolution
		Debug|Any CPU = Debug|Any CPU
		Debug|iPhone = Debug|iPhone
		Debug|iPhoneSimulator = Debug|iPhoneSimulator
		Release|Any CPU = Release|Any CPU
		Release|iPhone = Release|iPhone
		Release|iPhoneSimulator = Release|iPhoneSimulator
	EndGlobalSection
	GlobalSection(ProjectConfigurationPlatforms) = postSolution
		{A9EB624B-073F-4016-83F7-B083F2D8BB80}.Debug|Any CPU.ActiveCfg = Debug|Any CPU
		{A9EB624B-073F-4016-83F7-B083F2D8BB80}.Debug|Any CPU.Build.0 = Debug|Any CPU
		{A9EB624B-073F-4016-83F7-B083F2D8BB80}.Debug|Any CPU.Deploy.0 = Debug|Any CPU
		{A9EB624B-073F-4016-83F7-B083F2D8BB80}.Debug|iPhone.ActiveCfg = Debug|Any CPU
		{A9EB624B-073F-4016-83F7-B083F2D8BB80}.Debug|iPhone.Build.0 = Debug|Any CPU
		{A9EB624B-073F-4016-83F7-B083F2D8BB80}.Debug|iPhone.Deploy.0 = Debug|Any CPU
		{A9EB624B-073F-4016-83F7-B083F2D8BB80}.Debug|iPhoneSimulator.ActiveCfg = Debug|Any CPU
		{A9EB624B-073F-4016-83F7-B083F2D8BB80}.Debug|iPhoneSimulator.Build.0 = Debug|Any CPU
		{A9EB624B-073F-4016-83F7-B083F2D8BB80}.Debug|iPhoneSimulator.Deploy.0 = Debug|Any CPU
		{A9EB624B-073F-4016-83F7-B083F2D8BB80}.Release|Any CPU.ActiveCfg = Release|Any CPU
		{A9EB624B-073F-4016-83F7-B083F2D8BB80}.Release|Any CPU.Build.0 = Release|Any CPU
		{A9EB624B-073F-4016-83F7-B083F2D8BB80}.Release|Any CPU.Deploy.0 = Release|Any CPU
		{A9EB624B-073F-4016-83F7-B083F2D8BB80}.Release|iPhone.ActiveCfg = Release|Any CPU
		{A9EB624B-073F-4016-83F7-B083F2D8BB80}.Release|iPhone.Build.0 = Release|Any CPU
		{A9EB624B-073F-4016-83F7-B083F2D8BB80}.Release|iPhone.Deploy.0 = Release|Any CPU
		{A9EB624B-073F-4016-83F7-B083F2D8BB80}.Release|iPhoneSimulator.ActiveCfg = Release|Any CPU
		{A9EB624B-073F-4016-83F7-B083F2D8BB80}.Release|iPhoneSimulator.Build.0 = Release|Any CPU
		{A9EB624B-073F-4016-83F7-B083F2D8BB80}.Release|iPhoneSimulator.Deploy.0 = Release|Any CPU
		{7A6A82A2-A1DC-4AF1-82E7-F66A1607FC69}.Debug|Any CPU.ActiveCfg = Debug|iPhone
		{7A6A82A2-A1DC-4AF1-82E7-F66A1607FC69}.Debug|Any CPU.Build.0 = Debug|iPhone
		{7A6A82A2-A1DC-4AF1-82E7-F66A1607FC69}.Debug|Any CPU.Deploy.0 = Debug|iPhone
		{7A6A82A2-A1DC-4AF1-82E7-F66A1607FC69}.Debug|iPhone.ActiveCfg = Debug|iPhone
		{7A6A82A2-A1DC-4AF1-82E7-F66A1607FC69}.Debug|iPhone.Build.0 = Debug|iPhone
		{7A6A82A2-A1DC-4AF1-82E7-F66A1607FC69}.Debug|iPhone.Deploy.0 = Debug|iPhone
		{7A6A82A2-A1DC-4AF1-82E7-F66A1607FC69}.Debug|iPhoneSimulator.ActiveCfg = Debug|iPhoneSimulator
		{7A6A82A2-A1DC-4AF1-82E7-F66A1607FC69}.Debug|iPhoneSimulator.Build.0 = Debug|iPhoneSimulator
		{7A6A82A2-A1DC-4AF1-82E7-F66A1607FC69}.Debug|iPhoneSimulator.Deploy.0 = Debug|iPhoneSimulator
		{7A6A82A2-A1DC-4AF1-82E7-F66A1607FC69}.Release|Any CPU.ActiveCfg = Release|iPhoneSimulator
		{7A6A82A2-A1DC-4AF1-82E7-F66A1607FC69}.Release|Any CPU.Build.0 = Release|iPhoneSimulator
		{7A6A82A2-A1DC-4AF1-82E7-F66A1607FC69}.Release|Any CPU.Deploy.0 = Release|iPhoneSimulator
		{7A6A82A2-A1DC-4AF1-82E7-F66A1607FC69}.Release|iPhone.ActiveCfg = Release|iPhone
		{7A6A82A2-A1DC-4AF1-82E7-F66A1607FC69}.Release|iPhone.Build.0 = Release|iPhone
		{7A6A82A2-A1DC-4AF1-82E7-F66A1607FC69}.Release|iPhone.Deploy.0 = Release|iPhone
		{7A6A82A2-A1DC-4AF1-82E7-F66A1607FC69}.Release|iPhoneSimulator.ActiveCfg = Release|iPhoneSimulator
		{7A6A82A2-A1DC-4AF1-82E7-F66A1607FC69}.Release|iPhoneSimulator.Build.0 = Release|iPhoneSimulator
		{7A6A82A2-A1DC-4AF1-82E7-F66A1607FC69}.Release|iPhoneSimulator.Deploy.0 = Release|iPhoneSimulator
		{CCE71F4E-98E3-4876-81C1-DAE023B26293}.Debug|Any CPU.ActiveCfg = Debug|Any CPU
		{CCE71F4E-98E3-4876-81C1-DAE023B26293}.Debug|Any CPU.Build.0 = Debug|Any CPU
		{CCE71F4E-98E3-4876-81C1-DAE023B26293}.Debug|Any CPU.Deploy.0 = Debug|Any CPU
		{CCE71F4E-98E3-4876-81C1-DAE023B26293}.Debug|iPhone.ActiveCfg = Debug|Any CPU
		{CCE71F4E-98E3-4876-81C1-DAE023B26293}.Debug|iPhone.Build.0 = Debug|Any CPU
		{CCE71F4E-98E3-4876-81C1-DAE023B26293}.Debug|iPhone.Deploy.0 = Debug|Any CPU
		{CCE71F4E-98E3-4876-81C1-DAE023B26293}.Debug|iPhoneSimulator.ActiveCfg = Debug|Any CPU
		{CCE71F4E-98E3-4876-81C1-DAE023B26293}.Debug|iPhoneSimulator.Build.0 = Debug|Any CPU
		{CCE71F4E-98E3-4876-81C1-DAE023B26293}.Debug|iPhoneSimulator.Deploy.0 = Debug|Any CPU
		{CCE71F4E-98E3-4876-81C1-DAE023B26293}.Release|Any CPU.ActiveCfg = Release|Any CPU
		{CCE71F4E-98E3-4876-81C1-DAE023B26293}.Release|Any CPU.Build.0 = Release|Any CPU
		{CCE71F4E-98E3-4876-81C1-DAE023B26293}.Release|Any CPU.Deploy.0 = Release|Any CPU
		{CCE71F4E-98E3-4876-81C1-DAE023B26293}.Release|iPhone.ActiveCfg = Release|Any CPU
		{CCE71F4E-98E3-4876-81C1-DAE023B26293}.Release|iPhone.Build.0 = Release|Any CPU
		{CCE71F4E-98E3-4876-81C1-DAE023B26293}.Release|iPhone.Deploy.0 = Release|Any CPU
		{CCE71F4E-98E3-4876-81C1-DAE023B26293}.Release|iPhoneSimulator.ActiveCfg = Release|Any CPU
		{CCE71F4E-98E3-4876-81C1-DAE023B26293}.Release|iPhoneSimulator.Build.0 = Release|Any CPU
		{CCE71F4E-98E3-4876-81C1-DAE023B26293}.Release|iPhoneSimulator.Deploy.0 = Release|Any CPU
	EndGlobalSection
	GlobalSection(SolutionProperties) = preSolution
		HideSolutionNode = FALSE
	EndGlobalSection
	GlobalSection(ExtensibilityGlobals) = postSolution
		SolutionGuid = {1042D6A7-2D39-4933-B0A2-FC68B2AA77EB}
	EndGlobalSection
EndGlobal
